
Microsoft Visual Studio Solution File, Format Version 12.00
# Visual Studio Version 17
VisualStudioVersion = 17.4.33205.214
MinimumVisualStudioVersion = 10.0.40219.1
Project("{FAE04EC0-301F-11D3-BF4B-00C04F79EFBC}") = "OnlineJewelleryShop", "OnlineJewelleryShop.csproj", "{4BCE4A1D-9258-48A4-B88E-FE39725761DC}"
EndProject
Global
	GlobalSection(SolutionConfigurationPlatforms) = preSolution
		Debug|Any CPU = Debug|Any CPU
		Release|Any CPU = Release|Any CPU
	EndGlobalSection
	GlobalSection(ProjectConfigurationPlatforms) = postSolution
		{4BCE4A1D-9258-48A4-B88E-FE39725761DC}.Debug|Any CPU.ActiveCfg = Debug|Any CPU
		{4BCE4A1D-9258-48A4-B88E-FE39725761DC}.Debug|Any CPU.Build.0 = Debug|Any CPU
		{4BCE4A1D-9258-48A4-B88E-FE39725761DC}.Release|Any CPU.ActiveCfg = Release|Any CPU
		{4BCE4A1D-9258-48A4-B88E-FE39725761DC}.Release|Any CPU.Build.0 = Release|Any CPU
	EndGlobalSection
	GlobalSection(SolutionProperties) = preSolution
		HideSolutionNode = FALSE
	EndGlobalSection
	GlobalSection(ExtensibilityGlobals) = postSolution
		SolutionGuid = {233EAB7D-568F-4EEB-8211-81C4E5F22E45}
	EndGlobalSection
EndGlobal
